// !$*UTF8*$!
{
	archiveVersion = 1;
	classes = {
	};
	objectVersion = 50;
	objects = {

/* Begin PBXBuildFile section */
		4F051140265371BB00E3A169 /* Portfolio_AppSettingsApp.swift in Sources */ = {isa = PBXBuildFile; fileRef = 4F05113F265371BB00E3A169 /* Portfolio_AppSettingsApp.swift */; };
		4F051142265371BB00E3A169 /* ContentView.swift in Sources */ = {isa = PBXBuildFile; fileRef = 4F051141265371BB00E3A169 /* ContentView.swift */; };
		4F051144265371BD00E3A169 /* Assets.xcassets in Resources */ = {isa = PBXBuildFile; fileRef = 4F051143265371BD00E3A169 /* Assets.xcassets */; };
		4F051147265371BD00E3A169 /* Preview Assets.xcassets in Resources */ = {isa = PBXBuildFile; fileRef = 4F051146265371BD00E3A169 /* Preview Assets.xcassets */; };
		4F0511512653759B00E3A169 /* SettingsView.swift in Sources */ = {isa = PBXBuildFile; fileRef = 4F0511502653759B00E3A169 /* SettingsView.swift */; };
		4F051153265375A500E3A169 /* AccountView.swift in Sources */ = {isa = PBXBuildFile; fileRef = 4F051152265375A500E3A169 /* AccountView.swift */; };
		4FFD857526578E0F0067E82D /* DateStruct.swift in Sources */ = {isa = PBXBuildFile; fileRef = 4FFD857426578E0F0067E82D /* DateStruct.swift */; };
/* End PBXBuildFile section */

/* Begin PBXFileReference section */
		4F05113C265371BB00E3A169 /* Portfolio-AppSettings.app */ = {isa = PBXFileReference; explicitFileType = wrapper.application; includeInIndex = 0; path = "Portfolio-AppSettings.app"; sourceTree = BUILT_PRODUCTS_DIR; };
		4F05113F265371BB00E3A169 /* Portfolio_AppSettingsApp.swift */ = {isa = PBXFileReference; lastKnownFileType = sourcecode.swift; path = Portfolio_AppSettingsApp.swift; sourceTree = "<group>"; };
		4F051141265371BB00E3A169 /* ContentView.swift */ = {isa = PBXFileReference; lastKnownFileType = sourcecode.swift; path = ContentView.swift; sourceTree = "<group>"; };
		4F051143265371BD00E3A169 /* Assets.xcassets */ = {isa = PBXFileReference; lastKnownFileType = folder.assetcatalog; path = Assets.xcassets; sourceTree = "<group>"; };
		4F051146265371BD00E3A169 /* Preview Assets.xcassets */ = {isa = PBXFileReference; lastKnownFileType = folder.assetcatalog; path = "Preview Assets.xcassets"; sourceTree = "<group>"; };
		4F051148265371BD00E3A169 /* Info.plist */ = {isa = PBXFileReference; lastKnownFileType = text.plist.xml; path = Info.plist; sourceTree = "<group>"; };
		4F05114E2653726D00E3A169 /* README.md */ = {isa = PBXFileReference; lastKnownFileType = net.daringfireball.markdown; path = README.md; sourceTree = "<group>"; };
		4F0511502653759B00E3A169 /* SettingsView.swift */ = {isa = PBXFileReference; lastKnownFileType = sourcecode.swift; path = SettingsView.swift; sourceTree = "<group>"; };
		4F051152265375A500E3A169 /* AccountView.swift */ = {isa = PBXFileReference; lastKnownFileType = sourcecode.swift; path = AccountView.swift; sourceTree = "<group>"; };
		4FFD857426578E0F0067E82D /* DateStruct.swift */ = {isa = PBXFileReference; lastKnownFileType = sourcecode.swift; path = DateStruct.swift; sourceTree = "<group>"; };
/* End PBXFileReference section */

/* Begin PBXFrameworksBuildPhase section */
		4F051139265371BB00E3A169 /* Frameworks */ = {
			isa = PBXFrameworksBuildPhase;
			buildActionMask = 2147483647;
			files = (
			);
			runOnlyForDeploymentPostprocessing = 0;
		};
/* End PBXFrameworksBuildPhase section */

/* Begin PBXGroup section */
		4F051133265371BB00E3A169 = {
			isa = PBXGroup;
			children = (
				4F05114E2653726D00E3A169 /* README.md */,
				4F05113E265371BB00E3A169 /* Portfolio-AppSettings */,
				4F05113D265371BB00E3A169 /* Products */,
			);
			sourceTree = "<group>";
		};
		4F05113D265371BB00E3A169 /* Products */ = {
			isa = PBXGroup;
			children = (
				4F05113C265371BB00E3A169 /* Portfolio-AppSettings.app */,
			);
			name = Products;
			sourceTree = "<group>";
		};
		4F05113E265371BB00E3A169 /* Portfolio-AppSettings */ = {
			isa = PBXGroup;
			children = (
				4F05113F265371BB00E3A169 /* Portfolio_AppSettingsApp.swift */,
				4F051141265371BB00E3A169 /* ContentView.swift */,
				4F05114F2653757B00E3A169 /* ApplicationScreen */,
				4F051143265371BD00E3A169 /* Assets.xcassets */,
				4F051148265371BD00E3A169 /* Info.plist */,
				4F051145265371BD00E3A169 /* Preview Content */,
			);
			path = "Portfolio-AppSettings";
			sourceTree = "<group>";
		};
		4F051145265371BD00E3A169 /* Preview Content */ = {
			isa = PBXGroup;
			children = (
				4F051146265371BD00E3A169 /* Preview Assets.xcassets */,
			);
			path = "Preview Content";
			sourceTree = "<group>";
		};
		4F05114F2653757B00E3A169 /* ApplicationScreen */ = {
			isa = PBXGroup;
			children = (
				4F0511502653759B00E3A169 /* SettingsView.swift */,
				4F051152265375A500E3A169 /* AccountView.swift */,
				4FFD857426578E0F0067E82D /* DateStruct.swift */,
			);
			path = ApplicationScreen;
			sourceTree = "<group>";
		};
/* End PBXGroup section */

/* Begin PBXNativeTarget section */
		4F05113B265371BB00E3A169 /* Portfolio-AppSettings */ = {
			isa = PBXNativeTarget;
			buildConfigurationList = 4F05114B265371BD00E3A169 /* Build configuration list for PBXNativeTarget "Portfolio-AppSettings" */;
			buildPhases = (
				4F051138265371BB00E3A169 /* Sources */,
				4F051139265371BB00E3A169 /* Frameworks */,
				4F05113A265371BB00E3A169 /* Resources */,
			);
			buildRules = (
			);
			dependencies = (
			);
			name = "Portfolio-AppSettings";
			productName = "Portfolio-AppSettings";
			productReference = 4F05113C265371BB00E3A169 /* Portfolio-AppSettings.app */;
			productType = "com.apple.product-type.application";
		};
/* End PBXNativeTarget section */

/* Begin PBXProject section */
		4F051134265371BB00E3A169 /* Project object */ = {
			isa = PBXProject;
			attributes = {
				LastSwiftUpdateCheck = 1250;
				LastUpgradeCheck = 1250;
				TargetAttributes = {
					4F05113B265371BB00E3A169 = {
						CreatedOnToolsVersion = 12.5;
					};
				};
			};
			buildConfigurationList = 4F051137265371BB00E3A169 /* Build configuration list for PBXProject "Portfolio-AppSettings" */;
			compatibilityVersion = "Xcode 9.3";
			developmentRegion = en;
			hasScannedForEncodings = 0;
			knownRegions = (
				en,
				Base,
			);
			mainGroup = 4F051133265371BB00E3A169;
			productRefGroup = 4F05113D265371BB00E3A169 /* Products */;
			projectDirPath = "";
			projectRoot = "";
			targets = (
				4F05113B265371BB00E3A169 /* Portfolio-AppSettings */,
			);
		};
/* End PBXProject section */

/* Begin PBXResourcesBuildPhase section */
		4F05113A265371BB00E3A169 /* Resources */ = {
			isa = PBXResourcesBuildPhase;
			buildActionMask = 2147483647;
			files = (
				4F051147265371BD00E3A169 /* Preview Assets.xcassets in Resources */,
				4F051144265371BD00E3A169 /* Assets.xcassets in Resources */,
			);
			runOnlyForDeploymentPostprocessing = 0;
		};
/* End PBXResourcesBuildPhase section */

/* Begin PBXSourcesBuildPhase section */
		4F051138265371BB00E3A169 /* Sources */ = {
			isa = PBXSourcesBuildPhase;
			buildActionMask = 2147483647;
			files = (
				4F051153265375A500E3A169 /* AccountView.swift in Sources */,
				4FFD857526578E0F0067E82D /* DateStruct.swift in Sources */,
				4F0511512653759B00E3A169 /* SettingsView.swift in Sources */,
				4F051142265371BB00E3A169 /* ContentView.swift in Sources */,
				4F051140265371BB00E3A169 /* Portfolio_AppSettingsApp.swift in Sources */,
			);
			runOnlyForDeploymentPostprocessing = 0;
		};
/* End PBXSourcesBuildPhase section */

/* Begin XCBuildConfiguration section */
		4F051149265371BD00E3A169 /* Debug */ = {
			isa = XCBuildConfiguration;
			buildSettings = {
				ALWAYS_SEARCH_USER_PATHS = NO;
				CLANG_ANALYZER_NONNULL = YES;
				CLANG_ANALYZER_NUMBER_OBJECT_CONVERSION = YES_AGGRESSIVE;
				CLANG_CXX_LANGUAGE_STANDARD = "gnu++14";
				CLANG_CXX_LIBRARY = "libc++";
				CLANG_ENABLE_MODULES = YES;
				CLANG_ENABLE_OBJC_ARC = YES;
				CLANG_ENABLE_OBJC_WEAK = YES;
				CLANG_WARN_BLOCK_CAPTURE_AUTORELEASING = YES;
				CLANG_WARN_BOOL_CONVERSION = YES;
				CLANG_WARN_COMMA = YES;
				CLANG_WARN_CONSTANT_CONVERSION = YES;
				CLANG_WARN_DEPRECATED_OBJC_IMPLEMENTATIONS = YES;
				CLANG_WARN_DIRECT_OBJC_ISA_USAGE = YES_ERROR;
				CLANG_WARN_DOCUMENTATION_COMMENTS = YES;
				CLANG_WARN_EMPTY_BODY = YES;
				CLANG_WARN_ENUM_CONVERSION = YES;
				CLANG_WARN_INFINITE_RECURSION = YES;
				CLANG_WARN_INT_CONVERSION = YES;
				CLANG_WARN_NON_LITERAL_NULL_CONVERSION = YES;
				CLANG_WARN_OBJC_IMPLICIT_RETAIN_SELF = YES;
				CLANG_WARN_OBJC_LITERAL_CONVERSION = YES;
				CLANG_WARN_OBJC_ROOT_CLASS = YES_ERROR;
				CLANG_WARN_QUOTED_INCLUDE_IN_FRAMEWORK_HEADER = YES;
				CLANG_WARN_RANGE_LOOP_ANALYSIS = YES;
				CLANG_WARN_STRICT_PROTOTYPES = YES;
				CLANG_WARN_SUSPICIOUS_MOVE = YES;
				CLANG_WARN_UNGUARDED_AVAILABILITY = YES_AGGRESSIVE;
				CLANG_WARN_UNREACHABLE_CODE = YES;
				CLANG_WARN__DUPLICATE_METHOD_MATCH = YES;
				COPY_PHASE_STRIP = NO;
				DEBUG_INFORMATION_FORMAT = dwarf;
				ENABLE_STRICT_OBJC_MSGSEND = YES;
				ENABLE_TESTABILITY = YES;
				GCC_C_LANGUAGE_STANDARD = gnu11;
				GCC_DYNAMIC_NO_PIC = NO;
				GCC_NO_COMMON_BLOCKS = YES;
				GCC_OPTIMIZATION_LEVEL = 0;
				GCC_PREPROCESSOR_DEFINITIONS = (
					"DEBUG=1",
					"$(inherited)",
				);
				GCC_WARN_64_TO_32_BIT_CONVERSION = YES;
				GCC_WARN_ABOUT_RETURN_TYPE = YES_ERROR;
				GCC_WARN_UNDECLARED_SELECTOR = YES;
				GCC_WARN_UNINITIALIZED_AUTOS = YES_AGGRESSIVE;
				GCC_WARN_UNUSED_FUNCTION = YES;
				GCC_WARN_UNUSED_VARIABLE = YES;
				IPHONEOS_DEPLOYMENT_TARGET = 14.5;
				MTL_ENABLE_DEBUG_INFO = INCLUDE_SOURCE;
				MTL_FAST_MATH = YES;
				ONLY_ACTIVE_ARCH = YES;
				SDKROOT = iphoneos;
				SWIFT_ACTIVE_COMPILATION_CONDITIONS = DEBUG;
				SWIFT_OPTIMIZATION_LEVEL = "-Onone";
			};
			name = Debug;
		};
		4F05114A265371BD00E3A169 /* Release */ = {
			isa = XCBuildConfiguration;
			buildSettings = {
				ALWAYS_SEARCH_USER_PATHS = NO;
				CLANG_ANALYZER_NONNULL = YES;
				CLANG_ANALYZER_NUMBER_OBJECT_CONVERSION = YES_AGGRESSIVE;
				CLANG_CXX_LANGUAGE_STANDARD = "gnu++14";
				CLANG_CXX_LIBRARY = "libc++";
				CLANG_ENABLE_MODULES = YES;
				CLANG_ENABLE_OBJC_ARC = YES;
				CLANG_ENABLE_OBJC_WEAK = YES;
				CLANG_WARN_BLOCK_CAPTURE_AUTORELEASING = YES;
				CLANG_WARN_BOOL_CONVERSION = YES;
				CLANG_WARN_COMMA = YES;
				CLANG_WARN_CONSTANT_CONVERSION = YES;
				CLANG_WARN_DEPRECATED_OBJC_IMPLEMENTATIONS = YES;
				CLANG_WARN_DIRECT_OBJC_ISA_USAGE = YES_ERROR;
				CLANG_WARN_DOCUMENTATION_COMMENTS = YES;
				CLANG_WARN_EMPTY_BODY = YES;
				CLANG_WARN_ENUM_CONVERSION = YES;
				CLANG_WARN_INFINITE_RECURSION = YES;
				CLANG_WARN_INT_CONVERSION = YES;
				CLANG_WARN_NON_LITERAL_NULL_CONVERSION = YES;
				CLANG_WARN_OBJC_IMPLICIT_RETAIN_SELF = YES;
				CLANG_WARN_OBJC_LITERAL_CONVERSION = YES;
				CLANG_WARN_OBJC_ROOT_CLASS = YES_ERROR;
				CLANG_WARN_QUOTED_INCLUDE_IN_FRAMEWORK_HEADER = YES;
				CLANG_WARN_RANGE_LOOP_ANALYSIS = YES;
				CLANG_WARN_STRICT_PROTOTYPES = YES;
				CLANG_WARN_SUSPICIOUS_MOVE = YES;
				CLANG_WARN_UNGUARDED_AVAILABILITY = YES_AGGRESSIVE;
				CLANG_WARN_UNREACHABLE_CODE = YES;
				CLANG_WARN__DUPLICATE_METHOD_MATCH = YES;
				COPY_PHASE_STRIP = NO;
				DEBUG_INFORMATION_FORMAT = "dwarf-with-dsym";
				ENABLE_NS_ASSERTIONS = NO;
				ENABLE_STRICT_OBJC_MSGSEND = YES;
				GCC_C_LANGUAGE_STANDARD = gnu11;
				GCC_NO_COMMON_BLOCKS = YES;
				GCC_WARN_64_TO_32_BIT_CONVERSION = YES;
				GCC_WARN_ABOUT_RETURN_TYPE = YES_ERROR;
				GCC_WARN_UNDECLARED_SELECTOR = YES;
				GCC_WARN_UNINITIALIZED_AUTOS = YES_AGGRESSIVE;
				GCC_WARN_UNUSED_FUNCTION = YES;
				GCC_WARN_UNUSED_VARIABLE = YES;
				IPHONEOS_DEPLOYMENT_TARGET = 14.5;
				MTL_ENABLE_DEBUG_INFO = NO;
				MTL_FAST_MATH = YES;
				SDKROOT = iphoneos;
				SWIFT_COMPILATION_MODE = wholemodule;
				SWIFT_OPTIMIZATION_LEVEL = "-O";
				VALIDATE_PRODUCT = YES;
			};
			name = Release;
		};
		4F05114C265371BD00E3A169 /* Debug */ = {
			isa = XCBuildConfiguration;
			buildSettings = {
				ASSETCATALOG_COMPILER_APPICON_NAME = AppIcon;
				ASSETCATALOG_COMPILER_GLOBAL_ACCENT_COLOR_NAME = AccentColor;
				CODE_SIGN_STYLE = Automatic;
				DEVELOPMENT_ASSET_PATHS = "\"Portfolio-AppSettings/Preview Content\"";
				DEVELOPMENT_TEAM = TJ9X64MCA9;
				ENABLE_PREVIEWS = YES;
				INFOPLIST_FILE = "Portfolio-AppSettings/Info.plist";
				IPHONEOS_DEPLOYMENT_TARGET = 14.0;
				LD_RUNPATH_SEARCH_PATHS = (
					"$(inherited)",
					"@executable_path/Frameworks",
				);
				PRODUCT_BUNDLE_IDENTIFIER = "com.zero.Portfolio-AppSettings";
				PRODUCT_NAME = "$(TARGET_NAME)";
				SWIFT_VERSION = 5.0;
				TARGETED_DEVICE_FAMILY = "1,2";
			};
			name = Debug;
		};
		4F05114D265371BD00E3A169 /* Release */ = {
			isa = XCBuildConfiguration;
			buildSettings = {
				ASSETCATALOG_COMPILER_APPICON_NAME = AppIcon;
				ASSETCATALOG_COMPILER_GLOBAL_ACCENT_COLOR_NAME = AccentColor;
				CODE_SIGN_STYLE = Automatic;
				DEVELOPMENT_ASSET_PATHS = "\"Portfolio-AppSettings/Preview Content\"";
				DEVELOPMENT_TEAM = TJ9X64MCA9;
				ENABLE_PREVIEWS = YES;
				INFOPLIST_FILE = "Portfolio-AppSettings/Info.plist";
				IPHONEOS_DEPLOYMENT_TARGET = 14.0;
				LD_RUNPATH_SEARCH_PATHS = (
					"$(inherited)",
					"@executable_path/Frameworks",
				);
				PRODUCT_BUNDLE_IDENTIFIER = "com.zero.Portfolio-AppSettings";
				PRODUCT_NAME = "$(TARGET_NAME)";
				SWIFT_VERSION = 5.0;
				TARGETED_DEVICE_FAMILY = "1,2";
			};
			name = Release;
		};
/* End XCBuildConfiguration section */

/* Begin XCConfigurationList section */
		4F051137265371BB00E3A169 /* Build configuration list for PBXProject "Portfolio-AppSettings" */ = {
			isa = XCConfigurationList;
			buildConfigurations = (
				4F051149265371BD00E3A169 /* Debug */,
				4F05114A265371BD00E3A169 /* Release */,
			);
			defaultConfigurationIsVisible = 0;
			defaultConfigurationName = Release;
		};
		4F05114B265371BD00E3A169 /* Build configuration list for PBXNativeTarget "Portfolio-AppSettings" */ = {
			isa = XCConfigurationList;
			buildConfigurations = (
				4F05114C265371BD00E3A169 /* Debug */,
				4F05114D265371BD00E3A169 /* Release */,
			);
			defaultConfigurationIsVisible = 0;
			defaultConfigurationName = Release;
		};
/* End XCConfigurationList section */
	};
	rootObject = 4F051134265371BB00E3A169 /* Project object */;
}
